<Solution>
  <Configurations>
    <Platform Name="x64" />
    <Platform Name="x86" />
  </Configurations>
  <Project Path="AotMarker/AotMarker.vcxproj" Id="04e95a70-530e-4a5c-85b4-a58e58d0af3c" />
  <Project Path="ATM/ATM.vcxproj" Id="16645308-351a-43a1-b92c-d61acf613a8c" />
  <Project Path="RandomPicker/RandomPicker.vcxproj" Id="edf08aa4-76bb-43bc-8358-d39d62d29414" />
  <Project Path="Sentinel/Sentinel.vcxproj" Id="42d8495e-fe78-4f65-a3e5-5d81d903bec9" />
  <Project Path="Warden/Warden.vcxproj" Id="f5d5a5c9-cb85-4b32-8985-77e8fb698fdb" />
</Solution>
